
Microsoft Visual Studio Solution File, Format Version 12.00
# Visual Studio Version 16
VisualStudioVersion = 16.0.29911.84
MinimumVisualStudioVersion = 10.0.40219.1
Project("{FAE04EC0-301F-11D3-BF4B-00C04F79EFBC}") = "tut3", "tut3\tut3.csproj", "{8F0FE7AB-1D61-48E2-8E43-E608F0034F09}"
EndProject
Global
	GlobalSection(SolutionConfigurationPlatforms) = preSolution
		Debug|Any CPU = Debug|Any CPU
		Release|Any CPU = Release|Any CPU
	EndGlobalSection
	GlobalSection(ProjectConfigurationPlatforms) = postSolution
		{8F0FE7AB-1D61-48E2-8E43-E608F0034F09}.Debug|Any CPU.ActiveCfg = Debug|Any CPU
		{8F0FE7AB-1D61-48E2-8E43-E608F0034F09}.Debug|Any CPU.Build.0 = Debug|Any CPU
		{8F0FE7AB-1D61-48E2-8E43-E608F0034F09}.Release|Any CPU.ActiveCfg = Release|Any CPU
		{8F0FE7AB-1D61-48E2-8E43-E608F0034F09}.Release|Any CPU.Build.0 = Release|Any CPU
	EndGlobalSection
	GlobalSection(SolutionProperties) = preSolution
		HideSolutionNode = FALSE
	EndGlobalSection
	GlobalSection(ExtensibilityGlobals) = postSolution
		SolutionGuid = {23E76C28-05A5-4DBA-B88A-7595B821C997}
	EndGlobalSection
EndGlobal
